hash: 15b45442112436ebf2dd757bd8f3a0efb37a1e31c62145fec87ad2bd9dea6624
updated: 2018-01-12T01:04:33.124439407-08:00
imports:
- name: github.com/dyweb/gommon
  version: 121cf3258ee39c5e970aa3ce55a1b329c1099b05
  vcs: git
- name: github.com/gorilla/mux
  version: ac112f7d75a0714af1bd86ab17749b31f7809640
  vcs: git
- name: github.com/gorilla/securecookie
  version: e59506cc896acb7f7bf732d4fdf5e25f7ccd8983
  vcs: git
- name: github.com/inconshreveable/mousetrap
  version: 76626ae9c91c4f2a10f34cad8ce83ea42c93bb75
- name: github.com/spf13/cobra
  version: b95ab734e27d33e0d8fbabf71ca990568d4e2020
  vcs: git
- name: github.com/spf13/pflag
  version: 4c012f6dcd9546820e378d0bdda4d8fc772cdfea
  vcs: git
- name: golang.org/x/crypto
  version: 9477e0b78b9ac3d0b03822fd95422e2fe07627cd
- name: gopkg.in/ldap.v2
  version: 8168ee085ee43257585e50c6441aadf54ecb2c9f
testImports:
- name: github.com/mattn/go-sqlite3
  version: 6c771bb9887719704b210e87e934f08be014bdb1
  vcs: git
- name: github.com/stretchr/testify
  version: f6abca593680b2315d2075e0f5e2a9751e3f431a
  vcs: git
